github.com/pablo-botella/cargoxml v0.5.1 h1:9o9TWymfaPNbmnSuI2jjjkbbh44HOhN/PfpbhCbQM5o=
github.com/pablo-botella/cargoxml v0.5.1/go.mod h1:q8uY6DQW7eTx2RuxTPfGbnoDks361idhJybuqQziCek=
github.com/pablo-botella/fmlines v0.5.1 h1:1Qkv5ICxjnME2oaQJk0AYd6zQp07oTFrY9v62xj+izs=
github.com/pablo-botella/fmlines v0.5.1/go.mod h1:0F+gaglE6tkE5cy6sgVD2/FpBrLlbv5xARAPRfkllAM=
github.com/pablo-botella/linereader v0.5.1 h1:cs9WhKGwZ042uwsuKl99CuedfxEi9C4zuF8jFGWy7BU=
github.com/pablo-botella/linereader v0.5.1/go.mod h1:vcKYM3kS+NF6IdDdOP/kNmYUWecNHntNeAzz0kXXvss=
